
Microsoft Visual Studio Solution File, Format Version 12.00
# Visual Studio Version 17
VisualStudioVersion = 17.12.35728.132
MinimumVisualStudioVersion = 10.0.40219.1
Project("{FAE04EC0-301F-11D3-BF4B-00C04F79EFBC}") = "IsThereAnyoneWho.Data", "Data\IsThereAnyoneWho.Data.csproj", "{99DEA6E7-30AA-4C6B-8BCE-665B5CA03027}"
EndProject
Project("{FAE04EC0-301F-11D3-BF4B-00C04F79EFBC}") = "IsThereAnyoneWho.Core", "Core\IsThereAnyoneWho.Core.csproj", "{A0BAB6E2-A7D3-4C3A-8D68-A1EE298E7B56}"
EndProject
Project("{FAE04EC0-301F-11D3-BF4B-00C04F79EFBC}") = "IsThereAnyoneWho.API", "API\IsThereAnyoneWho.API.csproj", "{9C5BCA27-D9AD-4962-87A5-33D9B7C0A4E4}"
EndProject
Project("{2150E333-8FDC-42A3-9474-1A3956D46DE8}") = "Files", "Files", "{D5FC3041-1950-46AD-A4BB-A3C1066E9070}"
	ProjectSection(SolutionItems) = preProject
		architecture-summary.md = architecture-summary.md
		backend-solution.cs = backend-solution.cs
	EndProjectSection
EndProject
Global
	GlobalSection(SolutionConfigurationPlatforms) = preSolution
		Debug|Any CPU = Debug|Any CPU
		Release|Any CPU = Release|Any CPU
	EndGlobalSection
	GlobalSection(ProjectConfigurationPlatforms) = postSolution
		{99DEA6E7-30AA-4C6B-8BCE-665B5CA03027}.Debug|Any CPU.ActiveCfg = Debug|Any CPU
		{99DEA6E7-30AA-4C6B-8BCE-665B5CA03027}.Debug|Any CPU.Build.0 = Debug|Any CPU
		{99DEA6E7-30AA-4C6B-8BCE-665B5CA03027}.Release|Any CPU.ActiveCfg = Release|Any CPU
		{99DEA6E7-30AA-4C6B-8BCE-665B5CA03027}.Release|Any CPU.Build.0 = Release|Any CPU
		{A0BAB6E2-A7D3-4C3A-8D68-A1EE298E7B56}.Debug|Any CPU.ActiveCfg = Debug|Any CPU
		{A0BAB6E2-A7D3-4C3A-8D68-A1EE298E7B56}.Debug|Any CPU.Build.0 = Debug|Any CPU
		{A0BAB6E2-A7D3-4C3A-8D68-A1EE298E7B56}.Release|Any CPU.ActiveCfg = Release|Any CPU
		{A0BAB6E2-A7D3-4C3A-8D68-A1EE298E7B56}.Release|Any CPU.Build.0 = Release|Any CPU
		{9C5BCA27-D9AD-4962-87A5-33D9B7C0A4E4}.Debug|Any CPU.ActiveCfg = Debug|Any CPU
		{9C5BCA27-D9AD-4962-87A5-33D9B7C0A4E4}.Debug|Any CPU.Build.0 = Debug|Any CPU
		{9C5BCA27-D9AD-4962-87A5-33D9B7C0A4E4}.Release|Any CPU.ActiveCfg = Release|Any CPU
		{9C5BCA27-D9AD-4962-87A5-33D9B7C0A4E4}.Release|Any CPU.Build.0 = Release|Any CPU
	EndGlobalSection
	GlobalSection(SolutionProperties) = preSolution
		HideSolutionNode = FALSE
	EndGlobalSection
EndGlobal
